// !$*UTF8*$!
{
	archiveVersion = 1;
	classes = {
	};
	objectVersion = 46;
	objects = {

/* Begin PBXBuildFile section */
		D7A210B8181CB2D30060AEC1 /* test.jpg in Resources */ = {isa = PBXBuildFile; fileRef = D7A210B7181CB2D30060AEC1 /* test.jpg */; };
		D7A210BA181CB89D0060AEC1 /* test.gif in Resources */ = {isa = PBXBuildFile; fileRef = D7A210B9181CB89D0060AEC1 /* test.gif */; };
		D7A210BE181CB9CF0060AEC1 /* CUQQClient.m in Sources */ = {isa = PBXBuildFile; fileRef = D7A210BD181CB9CF0060AEC1 /* CUQQClient.m */; };
		D7A210C3181CBA900060AEC1 /* TencentOpenApi_IOS_Bundle.bundle in Resources */ = {isa = PBXBuildFile; fileRef = D7A210C1181CBA900060AEC1 /* TencentOpenApi_IOS_Bundle.bundle */; };
		D7A210C5181CBAC00060AEC1 /* libiconv.dylib in Frameworks */ = {isa = PBXBuildFile; fileRef = D7A210C4181CBAC00060AEC1 /* libiconv.dylib */; };
		D7A210C7181CBACA0060AEC1 /* SystemConfiguration.framework in Frameworks */ = {isa = PBXBuildFile; fileRef = D7A210C6181CBACA0060AEC1 /* SystemConfiguration.framework */; };
		D7A210C9181CBAD40060AEC1 /* libsqlite3.dylib in Frameworks */ = {isa = PBXBuildFile; fileRef = D7A210C8181CBAD40060AEC1 /* libsqlite3.dylib */; };
		D7A210CB181CBADA0060AEC1 /* CoreTelephony.framework in Frameworks */ = {isa = PBXBuildFile; fileRef = D7A210CA181CBADA0060AEC1 /* CoreTelephony.framework */; };
		D7A210CD181CBAE80060AEC1 /* libstdc++.dylib in Frameworks */ = {isa = PBXBuildFile; fileRef = D7A210CC181CBAE70060AEC1 /* libstdc++.dylib */; };
		D7A210CF181CBAEF0060AEC1 /* libz.dylib in Frameworks */ = {isa = PBXBuildFile; fileRef = D7A210CE181CBAEF0060AEC1 /* libz.dylib */; };
		D7A210DC181CE6370060AEC1 /* TencentOpenAPI.framework in Frameworks */ = {isa = PBXBuildFile; fileRef = D7A210DB181CE6370060AEC1 /* TencentOpenAPI.framework */; };
		D7C0D52D181A377200C34D7F /* Foundation.framework in Frameworks */ = {isa = PBXBuildFile; fileRef = D7C0D52C181A377200C34D7F /* Foundation.framework */; };
		D7C0D52F181A377200C34D7F /* CoreGraphics.framework in Frameworks */ = {isa = PBXBuildFile; fileRef = D7C0D52E181A377200C34D7F /* CoreGraphics.framework */; };
		D7C0D531181A377200C34D7F /* UIKit.framework in Frameworks */ = {isa = PBXBuildFile; fileRef = D7C0D530181A377200C34D7F /* UIKit.framework */; };
		D7C0D546181A377200C34D7F /* XCTest.framework in Frameworks */ = {isa = PBXBuildFile; fileRef = D7C0D545181A377200C34D7F /* XCTest.framework */; };
		D7C0D547181A377200C34D7F /* Foundation.framework in Frameworks */ = {isa = PBXBuildFile; fileRef = D7C0D52C181A377200C34D7F /* Foundation.framework */; };
		D7C0D548181A377200C34D7F /* UIKit.framework in Frameworks */ = {isa = PBXBuildFile; fileRef = D7C0D530181A377200C34D7F /* UIKit.framework */; };
		D7C0D550181A377200C34D7F /* InfoPlist.strings in Resources */ = {isa = PBXBuildFile; fileRef = D7C0D54E181A377200C34D7F /* InfoPlist.strings */; };
		D7C0D552181A377200C34D7F /* ExampleTests.m in Sources */ = {isa = PBXBuildFile; fileRef = D7C0D551181A377200C34D7F /* ExampleTests.m */; };
		D7C0D564181A37B400C34D7F /* AppDelegate.m in Sources */ = {isa = PBXBuildFile; fileRef = D7C0D55D181A37B400C34D7F /* AppDelegate.m */; };
		D7C0D565181A37B400C34D7F /* InfoPlist.strings in Resources */ = {isa = PBXBuildFile; fileRef = D7C0D55E181A37B400C34D7F /* InfoPlist.strings */; };
		D7C0D566181A37B400C34D7F /* Example-Info.plist in Resources */ = {isa = PBXBuildFile; fileRef = D7C0D560181A37B400C34D7F /* Example-Info.plist */; };
		D7C0D567181A37B400C34D7F /* Images.xcassets in Resources */ = {isa = PBXBuildFile; fileRef = D7C0D562181A37B400C34D7F /* Images.xcassets */; };
		D7C0D568181A37B400C34D7F /* main.m in Sources */ = {isa = PBXBuildFile; fileRef = D7C0D563181A37B400C34D7F /* main.m */; };
		D7C0D579181A3DAC00C34D7F /* CUShareCenter.m in Sources */ = {isa = PBXBuildFile; fileRef = D7C0D578181A3DAC00C34D7F /* CUShareCenter.m */; };
		D7C0D57F181A3F5700C34D7F /* PlatFormModel.m in Sources */ = {isa = PBXBuildFile; fileRef = D7C0D57D181A3F5700C34D7F /* PlatFormModel.m */; };
		D7C0D589181A467200C34D7F /* CUSINAClient.m in Sources */ = {isa = PBXBuildFile; fileRef = D7C0D588181A467200C34D7F /* CUSINAClient.m */; };
		D7C0D593181A47C400C34D7F /* SinaWeibo.bundle in Resources */ = {isa = PBXBuildFile; fileRef = D7C0D58B181A47C400C34D7F /* SinaWeibo.bundle */; };
		D7C0D594181A47C400C34D7F /* SinaWeibo.m in Sources */ = {isa = PBXBuildFile; fileRef = D7C0D58D181A47C400C34D7F /* SinaWeibo.m */; settings = {COMPILER_FLAGS = "-fno-objc-arc"; }; };
		D7C0D595181A47C400C34D7F /* SinaWeiboAuthorizeView.m in Sources */ = {isa = PBXBuildFile; fileRef = D7C0D58F181A47C400C34D7F /* SinaWeiboAuthorizeView.m */; settings = {COMPILER_FLAGS = "-fno-objc-arc"; }; };
		D7C0D596181A47C400C34D7F /* SinaWeiboRequest.m in Sources */ = {isa = PBXBuildFile; fileRef = D7C0D592181A47C400C34D7F /* SinaWeiboRequest.m */; settings = {COMPILER_FLAGS = "-fno-objc-arc"; }; };
		D7C0D59A181A50FD00C34D7F /* ExampleViewController.m in Sources */ = {isa = PBXBuildFile; fileRef = D7C0D598181A50FD00C34D7F /* ExampleViewController.m */; };
		D7C0D59B181A50FD00C34D7F /* ExampleViewController.xib in Resources */ = {isa = PBXBuildFile; fileRef = D7C0D599181A50FD00C34D7F /* ExampleViewController.xib */; };
		D7C0D59F181A862D00C34D7F /* CUPlatFormUserModel.m in Sources */ = {isa = PBXBuildFile; fileRef = D7C0D59E181A862D00C34D7F /* CUPlatFormUserModel.m */; };
		D7C0D5A2181A86A500C34D7F /* CUPlatFormOAuth.m in Sources */ = {isa = PBXBuildFile; fileRef = D7C0D5A1181A86A500C34D7F /* CUPlatFormOAuth.m */; };
		D7C0D5A5181A8A9E00C34D7F /* CUSinaAPIClient.m in Sources */ = {isa = PBXBuildFile; fileRef = D7C0D5A4181A8A9E00C34D7F /* CUSinaAPIClient.m */; };
		D7C15CAD181E0E9C00F83FE6 /* CUQQAPIClient.m in Sources */ = {isa = PBXBuildFile; fileRef = D7C15CAC181E0E9C00F83FE6 /* CUQQAPIClient.m */; };
		F580A03EAA75484ABBB33A87 /* libPods.a in Frameworks */ = {isa = PBXBuildFile; fileRef = 4366F02E4DCB48ACB7C8D468 /* libPods.a */; };
/* End PBXBuildFile section */

/* Begin PBXContainerItemProxy section */
		D7C0D549181A377200C34D7F /* PBXContainerItemProxy */ = {
			isa = PBXContainerItemProxy;
			containerPortal = D7C0D521181A377200C34D7F /* Project object */;
			proxyType = 1;
			remoteGlobalIDString = D7C0D528181A377200C34D7F;
			remoteInfo = Example;
		};
/* End PBXContainerItemProxy section */

/* Begin PBXFileReference section */
		4366F02E4DCB48ACB7C8D468 /* libPods.a */ = {isa = PBXFileReference; explicitFileType = archive.ar; includeInIndex = 0; path = libPods.a; sourceTree = BUILT_PRODUCTS_DIR; };
		48E8EF4079A6421C9F723F99 /* Pods.xcconfig */ = {isa = PBXFileReference; includeInIndex = 1; lastKnownFileType = text.xcconfig; name = Pods.xcconfig; path = Pods/Pods.xcconfig; sourceTree = "<group>"; };
		D7A210B7181CB2D30060AEC1 /* test.jpg */ = {isa = PBXFileReference; lastKnownFileType = image.jpeg; path = test.jpg; sourceTree = "<group>"; };
		D7A210B9181CB89D0060AEC1 /* test.gif */ = {isa = PBXFileReference; lastKnownFileType = image.gif; path = test.gif; sourceTree = "<group>"; };
		D7A210BC181CB9CF0060AEC1 /* CUQQClient.h */ = {isa = PBXFileReference; fileEncoding = 4; lastKnownFileType = sourcecode.c.h; path = CUQQClient.h; sourceTree = "<group>"; };
		D7A210BD181CB9CF0060AEC1 /* CUQQClient.m */ = {isa = PBXFileReference; fileEncoding = 4; lastKnownFileType = sourcecode.c.objc; path = CUQQClient.m; sourceTree = "<group>"; };
		D7A210C1181CBA900060AEC1 /* TencentOpenApi_IOS_Bundle.bundle */ = {isa = PBXFileReference; lastKnownFileType = "wrapper.plug-in"; path = TencentOpenApi_IOS_Bundle.bundle; sourceTree = "<group>"; };
		D7A210C4181CBAC00060AEC1 /* libiconv.dylib */ = {isa = PBXFileReference; lastKnownFileType = "compiled.mach-o.dylib"; name = libiconv.dylib; path = usr/lib/libiconv.dylib; sourceTree = SDKROOT; };
		D7A210C6181CBACA0060AEC1 /* SystemConfiguration.framework */ = {isa = PBXFileReference; lastKnownFileType = wrapper.framework; name = SystemConfiguration.framework; path = System/Library/Frameworks/SystemConfiguration.framework; sourceTree = SDKROOT; };
		D7A210C8181CBAD40060AEC1 /* libsqlite3.dylib */ = {isa = PBXFileReference; lastKnownFileType = "compiled.mach-o.dylib"; name = libsqlite3.dylib; path = usr/lib/libsqlite3.dylib; sourceTree = SDKROOT; };
		D7A210CA181CBADA0060AEC1 /* CoreTelephony.framework */ = {isa = PBXFileReference; lastKnownFileType = wrapper.framework; name = CoreTelephony.framework; path = System/Library/Frameworks/CoreTelephony.framework; sourceTree = SDKROOT; };
		D7A210CC181CBAE70060AEC1 /* libstdc++.dylib */ = {isa = PBXFileReference; lastKnownFileType = "compiled.mach-o.dylib"; name = "libstdc++.dylib"; path = "usr/lib/libstdc++.dylib"; sourceTree = SDKROOT; };
		D7A210CE181CBAEF0060AEC1 /* libz.dylib */ = {isa = PBXFileReference; lastKnownFileType = "compiled.mach-o.dylib"; name = libz.dylib; path = usr/lib/libz.dylib; sourceTree = SDKROOT; };
		D7A210DB181CE6370060AEC1 /* TencentOpenAPI.framework */ = {isa = PBXFileReference; lastKnownFileType = wrapper.framework; path = TencentOpenAPI.framework; sourceTree = "<group>"; };
		D7C0D529181A377200C34D7F /* Example.app */ = {isa = PBXFileReference; explicitFileType = wrapper.application; includeInIndex = 0; path = Example.app; sourceTree = BUILT_PRODUCTS_DIR; };
		D7C0D52C181A377200C34D7F /* Foundation.framework */ = {isa = PBXFileReference; lastKnownFileType = wrapper.framework; name = Foundation.framework; path = System/Library/Frameworks/Foundation.framework; sourceTree = SDKROOT; };
		D7C0D52E181A377200C34D7F /* CoreGraphics.framework */ = {isa = PBXFileReference; lastKnownFileType = wrapper.framework; name = CoreGraphics.framework; path = System/Library/Frameworks/CoreGraphics.framework; sourceTree = SDKROOT; };
		D7C0D530181A377200C34D7F /* UIKit.framework */ = {isa = PBXFileReference; lastKnownFileType = wrapper.framework; name = UIKit.framework; path = System/Library/Frameworks/UIKit.framework; sourceTree = SDKROOT; };
		D7C0D544181A377200C34D7F /* ExampleTests.xctest */ = {isa = PBXFileReference; explicitFileType = wrapper.cfbundle; includeInIndex = 0; path = ExampleTests.xctest; sourceTree = BUILT_PRODUCTS_DIR; };
		D7C0D545181A377200C34D7F /* XCTest.framework */ = {isa = PBXFileReference; lastKnownFileType = wrapper.framework; name = XCTest.framework; path = Library/Frameworks/XCTest.framework; sourceTree = DEVELOPER_DIR; };
		D7C0D54D181A377200C34D7F /* ExampleTests-Info.plist */ = {isa = PBXFileReference; lastKnownFileType = text.plist.xml; path = "ExampleTests-Info.plist"; sourceTree = "<group>"; };
		D7C0D54F181A377200C34D7F /* en */ = {isa = PBXFileReference; lastKnownFileType = text.plist.strings; name = en; path = en.lproj/InfoPlist.strings; sourceTree = "<group>"; };
		D7C0D551181A377200C34D7F /* ExampleTests.m */ = {isa = PBXFileReference; lastKnownFileType = sourcecode.c.objc; path = ExampleTests.m; sourceTree = "<group>"; };
		D7C0D55C181A37B400C34D7F /* AppDelegate.h */ = {isa = PBXFileReference; fileEncoding = 4; lastKnownFileType = sourcecode.c.h; path = AppDelegate.h; sourceTree = "<group>"; };
		D7C0D55D181A37B400C34D7F /* AppDelegate.m */ = {isa = PBXFileReference; fileEncoding = 4; lastKnownFileType = sourcecode.c.objc; path = AppDelegate.m; sourceTree = "<group>"; };
		D7C0D55F181A37B400C34D7F /* en */ = {isa = PBXFileReference; lastKnownFileType = text.plist.strings; name = en; path = en.lproj/InfoPlist.strings; sourceTree = "<group>"; };
		D7C0D560181A37B400C34D7F /* Example-Info.plist */ = {isa = PBXFileReference; fileEncoding = 4; lastKnownFileType = text.plist.xml; path = "Example-Info.plist"; sourceTree = "<group>"; };
		D7C0D561181A37B400C34D7F /* Example-Prefix.pch */ = {isa = PBXFileReference; fileEncoding = 4; lastKnownFileType = sourcecode.c.h; path = "Example-Prefix.pch"; sourceTree = "<group>"; };
		D7C0D562181A37B400C34D7F /* Images.xcassets */ = {isa = PBXFileReference; lastKnownFileType = folder.assetcatalog; path = Images.xcassets; sourceTree = "<group>"; };
		D7C0D563181A37B400C34D7F /* main.m */ = {isa = PBXFileReference; fileEncoding = 4; lastKnownFileType = sourcecode.c.objc; path = main.m; sourceTree = "<group>"; };
		D7C0D572181A3CD400C34D7F /* CUMacro.h */ = {isa = PBXFileReference; fileEncoding = 4; lastKnownFileType = sourcecode.c.h; path = CUMacro.h; sourceTree = "<group>"; };
		D7C0D577181A3DAC00C34D7F /* CUShareCenter.h */ = {isa = PBXFileReference; fileEncoding = 4; lastKnownFileType = sourcecode.c.h; path = CUShareCenter.h; sourceTree = "<group>"; };
		D7C0D578181A3DAC00C34D7F /* CUShareCenter.m */ = {isa = PBXFileReference; fileEncoding = 4; lastKnownFileType = sourcecode.c.objc; path = CUShareCenter.m; sourceTree = "<group>"; };
		D7C0D57D181A3F5700C34D7F /* PlatFormModel.m */ = {isa = PBXFileReference; fileEncoding = 4; lastKnownFileType = sourcecode.c.objc; path = PlatFormModel.m; sourceTree = "<group>"; };
		D7C0D57E181A3F5700C34D7F /* PlatFormModel.h */ = {isa = PBXFileReference; fileEncoding = 4; lastKnownFileType = sourcecode.c.h; path = PlatFormModel.h; sourceTree = "<group>"; };
		D7C0D587181A467200C34D7F /* CUSINAClient.h */ = {isa = PBXFileReference; fileEncoding = 4; lastKnownFileType = sourcecode.c.h; path = CUSINAClient.h; sourceTree = "<group>"; };
		D7C0D588181A467200C34D7F /* CUSINAClient.m */ = {isa = PBXFileReference; fileEncoding = 4; lastKnownFileType = sourcecode.c.objc; path = CUSINAClient.m; sourceTree = "<group>"; };
		D7C0D58B181A47C400C34D7F /* SinaWeibo.bundle */ = {isa = PBXFileReference; lastKnownFileType = "wrapper.plug-in"; path = SinaWeibo.bundle; sourceTree = "<group>"; };
		D7C0D58C181A47C400C34D7F /* SinaWeibo.h */ = {isa = PBXFileReference; fileEncoding = 4; lastKnownFileType = sourcecode.c.h; path = SinaWeibo.h; sourceTree = "<group>"; };
		D7C0D58D181A47C400C34D7F /* SinaWeibo.m */ = {isa = PBXFileReference; fileEncoding = 4; lastKnownFileType = sourcecode.c.objc; path = SinaWeibo.m; sourceTree = "<group>"; };
		D7C0D58E181A47C400C34D7F /* SinaWeiboAuthorizeView.h */ = {isa = PBXFileReference; fileEncoding = 4; lastKnownFileType = sourcecode.c.h; path = SinaWeiboAuthorizeView.h; sourceTree = "<group>"; };
		D7C0D58F181A47C400C34D7F /* SinaWeiboAuthorizeView.m */ = {isa = PBXFileReference; fileEncoding = 4; lastKnownFileType = sourcecode.c.objc; path = SinaWeiboAuthorizeView.m; sourceTree = "<group>"; };
		D7C0D590181A47C400C34D7F /* SinaWeiboConstants.h */ = {isa = PBXFileReference; fileEncoding = 4; lastKnownFileType = sourcecode.c.h; path = SinaWeiboConstants.h; sourceTree = "<group>"; };
		D7C0D591181A47C400C34D7F /* SinaWeiboRequest.h */ = {isa = PBXFileReference; fileEncoding = 4; lastKnownFileType = sourcecode.c.h; path = SinaWeiboRequest.h; sourceTree = "<group>"; };
		D7C0D592181A47C400C34D7F /* SinaWeiboRequest.m */ = {isa = PBXFileReference; fileEncoding = 4; lastKnownFileType = sourcecode.c.objc; path = SinaWeiboRequest.m; sourceTree = "<group>"; };
		D7C0D597181A50FD00C34D7F /* ExampleViewController.h */ = {isa = PBXFileReference; fileEncoding = 4; lastKnownFileType = sourcecode.c.h; path = ExampleViewController.h; sourceTree = "<group>"; };
		D7C0D598181A50FD00C34D7F /* ExampleViewController.m */ = {isa = PBXFileReference; fileEncoding = 4; lastKnownFileType = sourcecode.c.objc; path = ExampleViewController.m; sourceTree = "<group>"; };
		D7C0D599181A50FD00C34D7F /* ExampleViewController.xib */ = {isa = PBXFileReference; fileEncoding = 4; lastKnownFileType = file.xib; path = ExampleViewController.xib; sourceTree = "<group>"; };
		D7C0D59D181A862D00C34D7F /* CUPlatFormUserModel.h */ = {isa = PBXFileReference; fileEncoding = 4; lastKnownFileType = sourcecode.c.h; path = CUPlatFormUserModel.h; sourceTree = "<group>"; };
		D7C0D59E181A862D00C34D7F /* CUPlatFormUserModel.m */ = {isa = PBXFileReference; fileEncoding = 4; lastKnownFileType = sourcecode.c.objc; path = CUPlatFormUserModel.m; sourceTree = "<group>"; };
		D7C0D5A0181A86A500C34D7F /* CUPlatFormOAuth.h */ = {isa = PBXFileReference; fileEncoding = 4; lastKnownFileType = sourcecode.c.h; path = CUPlatFormOAuth.h; sourceTree = "<group>"; };
		D7C0D5A1181A86A500C34D7F /* CUPlatFormOAuth.m */ = {isa = PBXFileReference; fileEncoding = 4; lastKnownFileType = sourcecode.c.objc; path = CUPlatFormOAuth.m; sourceTree = "<group>"; };
		D7C0D5A3181A8A9E00C34D7F /* CUSinaAPIClient.h */ = {isa = PBXFileReference; fileEncoding = 4; lastKnownFileType = sourcecode.c.h; path = CUSinaAPIClient.h; sourceTree = "<group>"; };
		D7C0D5A4181A8A9E00C34D7F /* CUSinaAPIClient.m */ = {isa = PBXFileReference; fileEncoding = 4; lastKnownFileType = sourcecode.c.objc; path = CUSinaAPIClient.m; sourceTree = "<group>"; };
		D7C15CAB181E0E9C00F83FE6 /* CUQQAPIClient.h */ = {isa = PBXFileReference; fileEncoding = 4; lastKnownFileType = sourcecode.c.h; path = CUQQAPIClient.h; sourceTree = "<group>"; };
		D7C15CAC181E0E9C00F83FE6 /* CUQQAPIClient.m */ = {isa = PBXFileReference; fileEncoding = 4; lastKnownFileType = sourcecode.c.objc; path = CUQQAPIClient.m; sourceTree = "<group>"; };
/* End PBXFileReference section */

/* Begin PBXFrameworksBuildPhase section */
		D7C0D526181A377200C34D7F /* Frameworks */ = {
			isa = PBXFrameworksBuildPhase;
			buildActionMask = 2147483647;
			files = (
				D7A210CF181CBAEF0060AEC1 /* libz.dylib in Frameworks */,
				D7A210CD181CBAE80060AEC1 /* libstdc++.dylib in Frameworks */,
				D7A210CB181CBADA0060AEC1 /* CoreTelephony.framework in Frameworks */,
				D7A210C9181CBAD40060AEC1 /* libsqlite3.dylib in Frameworks */,
				D7A210C7181CBACA0060AEC1 /* SystemConfiguration.framework in Frameworks */,
				D7A210C5181CBAC00060AEC1 /* libiconv.dylib in Frameworks */,
				D7C0D52F181A377200C34D7F /* CoreGraphics.framework in Frameworks */,
				D7C0D531181A377200C34D7F /* UIKit.framework in Frameworks */,
				D7A210DC181CE6370060AEC1 /* TencentOpenAPI.framework in Frameworks */,
				D7C0D52D181A377200C34D7F /* Foundation.framework in Frameworks */,
				F580A03EAA75484ABBB33A87 /* libPods.a in Frameworks */,
			);
			runOnlyForDeploymentPostprocessing = 0;
		};
		D7C0D541181A377200C34D7F /* Frameworks */ = {
			isa = PBXFrameworksBuildPhase;
			buildActionMask = 2147483647;
			files = (
				D7C0D546181A377200C34D7F /* XCTest.framework in Frameworks */,
				D7C0D548181A377200C34D7F /* UIKit.framework in Frameworks */,
				D7C0D547181A377200C34D7F /* Foundation.framework in Frameworks */,
			);
			runOnlyForDeploymentPostprocessing = 0;
		};
/* End PBXFrameworksBuildPhase section */

/* Begin PBXGroup section */
		D7A210B6181CB2D30060AEC1 /* Images */ = {
			isa = PBXGroup;
			children = (
				D7A210B9181CB89D0060AEC1 /* test.gif */,
				D7A210B7181CB2D30060AEC1 /* test.jpg */,
			);
			path = Images;
			sourceTree = "<group>";
		};
		D7A210BB181CB97B0060AEC1 /* sina */ = {
			isa = PBXGroup;
			children = (
				D7C0D587181A467200C34D7F /* CUSINAClient.h */,
				D7C0D588181A467200C34D7F /* CUSINAClient.m */,
				D7C0D5A3181A8A9E00C34D7F /* CUSinaAPIClient.h */,
				D7C0D5A4181A8A9E00C34D7F /* CUSinaAPIClient.m */,
			);
			name = sina;
			sourceTree = "<group>";
		};
		D7A210BF181CBA900060AEC1 /* qq */ = {
			isa = PBXGroup;
			children = (
				D7A210DB181CE6370060AEC1 /* TencentOpenAPI.framework */,
				D7A210C1181CBA900060AEC1 /* TencentOpenApi_IOS_Bundle.bundle */,
			);
			path = qq;
			sourceTree = "<group>";
		};
		D7C0D520181A377200C34D7F = {
			isa = PBXGroup;
			children = (
				D7C0D569181A37CD00C34D7F /* CUShareCenter */,
				D7C0D55B181A37B400C34D7F /* Example */,
				D7C0D54B181A377200C34D7F /* ExampleTests */,
				D7C0D52B181A377200C34D7F /* Frameworks */,
				D7C0D52A181A377200C34D7F /* Products */,
				48E8EF4079A6421C9F723F99 /* Pods.xcconfig */,
			);
			sourceTree = "<group>";
		};
		D7C0D52A181A377200C34D7F /* Products */ = {
			isa = PBXGroup;
			children = (
				D7C0D529181A377200C34D7F /* Example.app */,
				D7C0D544181A377200C34D7F /* ExampleTests.xctest */,
			);
			name = Products;
			sourceTree = "<group>";
		};
		D7C0D52B181A377200C34D7F /* Frameworks */ = {
			isa = PBXGroup;
			children = (
				D7A210CE181CBAEF0060AEC1 /* libz.dylib */,
				D7A210CC181CBAE70060AEC1 /* libstdc++.dylib */,
				D7A210CA181CBADA0060AEC1 /* CoreTelephony.framework */,
				D7A210C8181CBAD40060AEC1 /* libsqlite3.dylib */,
				D7A210C6181CBACA0060AEC1 /* SystemConfiguration.framework */,
				D7A210C4181CBAC00060AEC1 /* libiconv.dylib */,
				D7C0D52C181A377200C34D7F /* Foundation.framework */,
				D7C0D52E181A377200C34D7F /* CoreGraphics.framework */,
				D7C0D530181A377200C34D7F /* UIKit.framework */,
				D7C0D545181A377200C34D7F /* XCTest.framework */,
				4366F02E4DCB48ACB7C8D468 /* libPods.a */,
			);
			name = Frameworks;
			sourceTree = "<group>";
		};
		D7C0D54B181A377200C34D7F /* ExampleTests */ = {
			isa = PBXGroup;
			children = (
				D7C0D551181A377200C34D7F /* ExampleTests.m */,
				D7C0D54C181A377200C34D7F /* Supporting Files */,
			);
			path = ExampleTests;
			sourceTree = "<group>";
		};
		D7C0D54C181A377200C34D7F /* Supporting Files */ = {
			isa = PBXGroup;
			children = (
				D7C0D54D181A377200C34D7F /* ExampleTests-Info.plist */,
				D7C0D54E181A377200C34D7F /* InfoPlist.strings */,
			);
			name = "Supporting Files";
			sourceTree = "<group>";
		};
		D7C0D55B181A37B400C34D7F /* Example */ = {
			isa = PBXGroup;
			children = (
				D7A210B6181CB2D30060AEC1 /* Images */,
				D7C0D55C181A37B400C34D7F /* AppDelegate.h */,
				D7C0D55D181A37B400C34D7F /* AppDelegate.m */,
				D7C0D55E181A37B400C34D7F /* InfoPlist.strings */,
				D7C0D560181A37B400C34D7F /* Example-Info.plist */,
				D7C0D561181A37B400C34D7F /* Example-Prefix.pch */,
				D7C0D562181A37B400C34D7F /* Images.xcassets */,
				D7C0D563181A37B400C34D7F /* main.m */,
				D7C0D597181A50FD00C34D7F /* ExampleViewController.h */,
				D7C0D598181A50FD00C34D7F /* ExampleViewController.m */,
				D7C0D599181A50FD00C34D7F /* ExampleViewController.xib */,
			);
			path = Example;
			sourceTree = "<group>";
		};
		D7C0D569181A37CD00C34D7F /* CUShareCenter */ = {
			isa = PBXGroup;
			children = (
				D7C0D580181A416400C34D7F /* Vendor */,
				D7C0D575181A3DAC00C34D7F /* Models */,
				D7C0D576181A3DAC00C34D7F /* Classes */,
				D7C0D56D181A3CAE00C34D7F /* Utils */,
			);
			name = CUShareCenter;
			path = ../CUShareCenter;
			sourceTree = "<group>";
		};
		D7C0D56D181A3CAE00C34D7F /* Utils */ = {
			isa = PBXGroup;
			children = (
				D7C0D572181A3CD400C34D7F /* CUMacro.h */,
			);
			path = Utils;
			sourceTree = "<group>";
		};
		D7C0D575181A3DAC00C34D7F /* Models */ = {
			isa = PBXGroup;
			children = (
				D7C0D57D181A3F5700C34D7F /* PlatFormModel.m */,
				D7C0D57E181A3F5700C34D7F /* PlatFormModel.h */,
				D7C0D59D181A862D00C34D7F /* CUPlatFormUserModel.h */,
				D7C0D59E181A862D00C34D7F /* CUPlatFormUserModel.m */,
				D7C0D5A0181A86A500C34D7F /* CUPlatFormOAuth.h */,
				D7C0D5A1181A86A500C34D7F /* CUPlatFormOAuth.m */,
			);
			path = Models;
			sourceTree = "<group>";
		};
		D7C0D576181A3DAC00C34D7F /* Classes */ = {
			isa = PBXGroup;
			children = (
				D7C0D577181A3DAC00C34D7F /* CUShareCenter.h */,
				D7C0D578181A3DAC00C34D7F /* CUShareCenter.m */,
				D7A210BB181CB97B0060AEC1 /* sina */,
				D7C15CAA181E0E8500F83FE6 /* qq */,
			);
			path = Classes;
			sourceTree = "<group>";
		};
		D7C0D580181A416400C34D7F /* Vendor */ = {
			isa = PBXGroup;
			children = (
				D7A210BF181CBA900060AEC1 /* qq */,
				D7C0D58A181A47C400C34D7F /* SinaWeibo */,
			);
			path = Vendor;
			sourceTree = "<group>";
		};
		D7C0D58A181A47C400C34D7F /* SinaWeibo */ = {
			isa = PBXGroup;
			children = (
				D7C0D58B181A47C400C34D7F /* SinaWeibo.bundle */,
				D7C0D58C181A47C400C34D7F /* SinaWeibo.h */,
				D7C0D58D181A47C400C34D7F /* SinaWeibo.m */,
				D7C0D58E181A47C400C34D7F /* SinaWeiboAuthorizeView.h */,
				D7C0D58F181A47C400C34D7F /* SinaWeiboAuthorizeView.m */,
				D7C0D590181A47C400C34D7F /* SinaWeiboConstants.h */,
				D7C0D591181A47C400C34D7F /* SinaWeiboRequest.h */,
				D7C0D592181A47C400C34D7F /* SinaWeiboRequest.m */,
			);
			path = SinaWeibo;
			sourceTree = "<group>";
		};
		D7C15CAA181E0E8500F83FE6 /* qq */ = {
			isa = PBXGroup;
			children = (
				D7A210BC181CB9CF0060AEC1 /* CUQQClient.h */,
				D7A210BD181CB9CF0060AEC1 /* CUQQClient.m */,
				D7C15CAB181E0E9C00F83FE6 /* CUQQAPIClient.h */,
				D7C15CAC181E0E9C00F83FE6 /* CUQQAPIClient.m */,
			);
			name = qq;
			sourceTree = "<group>";
		};
/* End PBXGroup section */

/* Begin PBXNativeTarget section */
		D7C0D528181A377200C34D7F /* Example */ = {
			isa = PBXNativeTarget;
			buildConfigurationList = D7C0D555181A377200C34D7F /* Build configuration list for PBXNativeTarget "Example" */;
			buildPhases = (
				B8C17F79F9EE4003BDC60813 /* Check Pods Manifest.lock */,
				D7C0D525181A377200C34D7F /* Sources */,
				D7C0D526181A377200C34D7F /* Frameworks */,
				D7C0D527181A377200C34D7F /* Resources */,
				8DEC175F476D41E7A590C03A /* Copy Pods Resources */,
			);
			buildRules = (
			);
			dependencies = (
			);
			name = Example;
			productName = Example;
			productReference = D7C0D529181A377200C34D7F /* Example.app */;
			productType = "com.apple.product-type.application";
		};
		D7C0D543181A377200C34D7F /* ExampleTests */ = {
			isa = PBXNativeTarget;
			buildConfigurationList = D7C0D558181A377200C34D7F /* Build configuration list for PBXNativeTarget "ExampleTests" */;
			buildPhases = (
				D7C0D540181A377200C34D7F /* Sources */,
				D7C0D541181A377200C34D7F /* Frameworks */,
				D7C0D542181A377200C34D7F /* Resources */,
			);
			buildRules = (
			);
			dependencies = (
				D7C0D54A181A377200C34D7F /* PBXTargetDependency */,
			);
			name = ExampleTests;
			productName = ExampleTests;
			productReference = D7C0D544181A377200C34D7F /* ExampleTests.xctest */;
			productType = "com.apple.product-type.bundle.unit-test";
		};
/* End PBXNativeTarget section */

/* Begin PBXProject section */
		D7C0D521181A377200C34D7F /* Project object */ = {
			isa = PBXProject;
			attributes = {
				LastUpgradeCheck = 0500;
				ORGANIZATIONNAME = curer;
				TargetAttributes = {
					D7C0D543181A377200C34D7F = {
						TestTargetID = D7C0D528181A377200C34D7F;
					};
				};
			};
			buildConfigurationList = D7C0D524181A377200C34D7F /* Build configuration list for PBXProject "Example" */;
			compatibilityVersion = "Xcode 3.2";
			developmentRegion = English;
			hasScannedForEncodings = 0;
			knownRegions = (
				en,
			);
			mainGroup = D7C0D520181A377200C34D7F;
			productRefGroup = D7C0D52A181A377200C34D7F /* Products */;
			projectDirPath = "";
			projectRoot = "";
			targets = (
				D7C0D528181A377200C34D7F /* Example */,
				D7C0D543181A377200C34D7F /* ExampleTests */,
			);
		};
/* End PBXProject section */

/* Begin PBXResourcesBuildPhase section */
		D7C0D527181A377200C34D7F /* Resources */ = {
			isa = PBXResourcesBuildPhase;
			buildActionMask = 2147483647;
			files = (
				D7A210C3181CBA900060AEC1 /* TencentOpenApi_IOS_Bundle.bundle in Resources */,
				D7A210BA181CB89D0060AEC1 /* test.gif in Resources */,
				D7C0D567181A37B400C34D7F /* Images.xcassets in Resources */,
				D7A210B8181CB2D30060AEC1 /* test.jpg in Resources */,
				D7C0D593181A47C400C34D7F /* SinaWeibo.bundle in Resources */,
				D7C0D566181A37B400C34D7F /* Example-Info.plist in Resources */,
				D7C0D565181A37B400C34D7F /* InfoPlist.strings in Resources */,
				D7C0D59B181A50FD00C34D7F /* ExampleViewController.xib in Resources */,
			);
			runOnlyForDeploymentPostprocessing = 0;
		};
		D7C0D542181A377200C34D7F /* Resources */ = {
			isa = PBXResourcesBuildPhase;
			buildActionMask = 2147483647;
			files = (
				D7C0D550181A377200C34D7F /* InfoPlist.strings in Resources */,
			);
			runOnlyForDeploymentPostprocessing = 0;
		};
/* End PBXResourcesBuildPhase section */

/* Begin PBXShellScriptBuildPhase section */
		8DEC175F476D41E7A590C03A /* Copy Pods Resources */ = {
			isa = PBXShellScriptBuildPhase;
			buildActionMask = 2147483647;
			files = (
			);
			inputPaths = (
			);
			name = "Copy Pods Resources";
			outputPaths = (
			);
			runOnlyForDeploymentPostprocessing = 0;
			shellPath = /bin/sh;
			shellScript = "\"${SRCROOT}/Pods/Pods-resources.sh\"\n";
			showEnvVarsInLog = 0;
		};
		B8C17F79F9EE4003BDC60813 /* Check Pods Manifest.lock */ = {
			isa = PBXShellScriptBuildPhase;
			buildActionMask = 2147483647;
			files = (
			);
			inputPaths = (
			);
			name = "Check Pods Manifest.lock";
			outputPaths = (
			);
			runOnlyForDeploymentPostprocessing = 0;
			shellPath = /bin/sh;
			shellScript = "diff \"${PODS_ROOT}/../Podfile.lock\" \"${PODS_ROOT}/Manifest.lock\" > /dev/null\nif [[ $? != 0 ]] ; then\n    cat << EOM\nerror: The sandbox is not in sync with the Podfile.lock. Run 'pod install' or update your CocoaPods installation.\nEOM\n    exit 1\nfi\n";
			showEnvVarsInLog = 0;
		};
/* End PBXShellScriptBuildPhase section */

/* Begin PBXSourcesBuildPhase section */
		D7C0D525181A377200C34D7F /* Sources */ = {
			isa = PBXSourcesBuildPhase;
			buildActionMask = 2147483647;
			files = (
				D7C0D59F181A862D00C34D7F /* CUPlatFormUserModel.m in Sources */,
				D7C0D57F181A3F5700C34D7F /* PlatFormModel.m in Sources */,
				D7C0D5A5181A8A9E00C34D7F /* CUSinaAPIClient.m in Sources */,
				D7C0D589181A467200C34D7F /* CUSINAClient.m in Sources */,
				D7C0D595181A47C400C34D7F /* SinaWeiboAuthorizeView.m in Sources */,
				D7C0D568181A37B400C34D7F /* main.m in Sources */,
				D7A210BE181CB9CF0060AEC1 /* CUQQClient.m in Sources */,
				D7C0D579181A3DAC00C34D7F /* CUShareCenter.m in Sources */,
				D7C0D5A2181A86A500C34D7F /* CUPlatFormOAuth.m in Sources */,
				D7C0D564181A37B400C34D7F /* AppDelegate.m in Sources */,
				D7C0D594181A47C400C34D7F /* SinaWeibo.m in Sources */,
				D7C0D59A181A50FD00C34D7F /* ExampleViewController.m in Sources */,
				D7C0D596181A47C400C34D7F /* SinaWeiboRequest.m in Sources */,
				D7C15CAD181E0E9C00F83FE6 /* CUQQAPIClient.m in Sources */,
			);
			runOnlyForDeploymentPostprocessing = 0;
		};
		D7C0D540181A377200C34D7F /* Sources */ = {
			isa = PBXSourcesBuildPhase;
			buildActionMask = 2147483647;
			files = (
				D7C0D552181A377200C34D7F /* ExampleTests.m in Sources */,
			);
			runOnlyForDeploymentPostprocessing = 0;
		};
/* End PBXSourcesBuildPhase section */

/* Begin PBXTargetDependency section */
		D7C0D54A181A377200C34D7F /* PBXTargetDependency */ = {
			isa = PBXTargetDependency;
			target = D7C0D528181A377200C34D7F /* Example */;
			targetProxy = D7C0D549181A377200C34D7F /* PBXContainerItemProxy */;
		};
/* End PBXTargetDependency section */

/* Begin PBXVariantGroup section */
		D7C0D54E181A377200C34D7F /* InfoPlist.strings */ = {
			isa = PBXVariantGroup;
			children = (
				D7C0D54F181A377200C34D7F /* en */,
			);
			name = InfoPlist.strings;
			sourceTree = "<group>";
		};
		D7C0D55E181A37B400C34D7F /* InfoPlist.strings */ = {
			isa = PBXVariantGroup;
			children = (
				D7C0D55F181A37B400C34D7F /* en */,
			);
			name = InfoPlist.strings;
			sourceTree = "<group>";
		};
/* End PBXVariantGroup section */

/* Begin XCBuildConfiguration section */
		D7C0D553181A377200C34D7F /* Debug */ = {
			isa = XCBuildConfiguration;
			buildSettings = {
				ALWAYS_SEARCH_USER_PATHS = NO;
				ARCHS = "$(ARCHS_STANDARD)";
				CLANG_CXX_LANGUAGE_STANDARD = "gnu++0x";
				CLANG_CXX_LIBRARY = "libc++";
				CLANG_ENABLE_MODULES = YES;
				CLANG_ENABLE_OBJC_ARC = YES;
				CLANG_WARN_BOOL_CONVERSION = YES;
				CLANG_WARN_CONSTANT_CONVERSION = YES;
				CLANG_WARN_DIRECT_OBJC_ISA_USAGE = YES_ERROR;
				CLANG_WARN_EMPTY_BODY = YES;
				CLANG_WARN_ENUM_CONVERSION = YES;
				CLANG_WARN_INT_CONVERSION = YES;
				CLANG_WARN_OBJC_ROOT_CLASS = YES_ERROR;
				CLANG_WARN__DUPLICATE_METHOD_MATCH = YES;
				"CODE_SIGN_IDENTITY[sdk=iphoneos*]" = "iPhone Developer";
				COPY_PHASE_STRIP = NO;
				GCC_C_LANGUAGE_STANDARD = gnu99;
				GCC_DYNAMIC_NO_PIC = NO;
				GCC_OPTIMIZATION_LEVEL = 0;
				GCC_PREPROCESSOR_DEFINITIONS = (
					"DEBUG=1",
					"$(inherited)",
				);
				GCC_SYMBOLS_PRIVATE_EXTERN = NO;
				GCC_WARN_64_TO_32_BIT_CONVERSION = YES;
				GCC_WARN_ABOUT_RETURN_TYPE = YES_ERROR;
				GCC_WARN_UNDECLARED_SELECTOR = YES;
				GCC_WARN_UNINITIALIZED_AUTOS = YES;
				GCC_WARN_UNUSED_FUNCTION = YES;
				GCC_WARN_UNUSED_VARIABLE = YES;
				IPHONEOS_DEPLOYMENT_TARGET = 7.0;
				ONLY_ACTIVE_ARCH = YES;
				SDKROOT = iphoneos;
			};
			name = Debug;
		};
		D7C0D554181A377200C34D7F /* Release */ = {
			isa = XCBuildConfiguration;
			buildSettings = {
				ALWAYS_SEARCH_USER_PATHS = NO;
				ARCHS = "$(ARCHS_STANDARD)";
				CLANG_CXX_LANGUAGE_STANDARD = "gnu++0x";
				CLANG_CXX_LIBRARY = "libc++";
				CLANG_ENABLE_MODULES = YES;
				CLANG_ENABLE_OBJC_ARC = YES;
				CLANG_WARN_BOOL_CONVERSION = YES;
				CLANG_WARN_CONSTANT_CONVERSION = YES;
				CLANG_WARN_DIRECT_OBJC_ISA_USAGE = YES_ERROR;
				CLANG_WARN_EMPTY_BODY = YES;
				CLANG_WARN_ENUM_CONVERSION = YES;
				CLANG_WARN_INT_CONVERSION = YES;
				CLANG_WARN_OBJC_ROOT_CLASS = YES_ERROR;
				CLANG_WARN__DUPLICATE_METHOD_MATCH = YES;
				"CODE_SIGN_IDENTITY[sdk=iphoneos*]" = "iPhone Developer";
				COPY_PHASE_STRIP = YES;
				ENABLE_NS_ASSERTIONS = NO;
				GCC_C_LANGUAGE_STANDARD = gnu99;
				GCC_WARN_64_TO_32_BIT_CONVERSION = YES;
				GCC_WARN_ABOUT_RETURN_TYPE = YES_ERROR;
				GCC_WARN_UNDECLARED_SELECTOR = YES;
				GCC_WARN_UNINITIALIZED_AUTOS = YES;
				GCC_WARN_UNUSED_FUNCTION = YES;
				GCC_WARN_UNUSED_VARIABLE = YES;
				IPHONEOS_DEPLOYMENT_TARGET = 7.0;
				SDKROOT = iphoneos;
				VALIDATE_PRODUCT = YES;
			};
			name = Release;
		};
		D7C0D556181A377200C34D7F /* Debug */ = {
			isa = XCBuildConfiguration;
			baseConfigurationReference = 48E8EF4079A6421C9F723F99 /* Pods.xcconfig */;
			buildSettings = {
				ASSETCATALOG_COMPILER_APPICON_NAME = AppIcon;
				ASSETCATALOG_COMPILER_LAUNCHIMAGE_NAME = LaunchImage;
				FRAMEWORK_SEARCH_PATHS = (
					"$(inherited)",
					/Users/curer/myGitHub/CUShareCenter/CUShareCenter/Vendor/qq,
					/Users/curer/myGitHub/CUShareCenter/Example,
				);
				GCC_PRECOMPILE_PREFIX_HEADER = YES;
				GCC_PREFIX_HEADER = "Example/Example-Prefix.pch";
				INFOPLIST_FILE = "Example/Example-Info.plist";
				IPHONEOS_DEPLOYMENT_TARGET = 5.0;
				OTHER_LDFLAGS = (
					"-ObjC",
					"-lxml2.2",
					"-lz.1",
					"-framework",
					CFNetwork,
					"-framework",
					CoreGraphics,
					"-framework",
					MobileCoreServices,
					"-framework",
					SystemConfiguration,
					"-fobjc-arc",
				);
				PRODUCT_NAME = "$(TARGET_NAME)";
				WRAPPER_EXTENSION = app;
			};
			name = Debug;
		};
		D7C0D557181A377200C34D7F /* Release */ = {
			isa = XCBuildConfiguration;
			baseConfigurationReference = 48E8EF4079A6421C9F723F99 /* Pods.xcconfig */;
			buildSettings = {
				ASSETCATALOG_COMPILER_APPICON_NAME = AppIcon;
				ASSETCATALOG_COMPILER_LAUNCHIMAGE_NAME = LaunchImage;
				FRAMEWORK_SEARCH_PATHS = (
					"$(inherited)",
					/Users/curer/myGitHub/CUShareCenter/CUShareCenter/Vendor/qq,
					/Users/curer/myGitHub/CUShareCenter/Example,
				);
				GCC_PRECOMPILE_PREFIX_HEADER = YES;
				GCC_PREFIX_HEADER = "Example/Example-Prefix.pch";
				INFOPLIST_FILE = "Example/Example-Info.plist";
				IPHONEOS_DEPLOYMENT_TARGET = 5.0;
				OTHER_LDFLAGS = (
					"-ObjC",
					"-lxml2.2",
					"-lz.1",
					"-framework",
					CFNetwork,
					"-framework",
					CoreGraphics,
					"-framework",
					MobileCoreServices,
					"-framework",
					SystemConfiguration,
					"-fobjc-arc",
				);
				PRODUCT_NAME = "$(TARGET_NAME)";
				WRAPPER_EXTENSION = app;
			};
			name = Release;
		};
		D7C0D559181A377200C34D7F /* Debug */ = {
			isa = XCBuildConfiguration;
			buildSettings = {
				ARCHS = "$(ARCHS_STANDARD_INCLUDING_64_BIT)";
				BUNDLE_LOADER = "$(BUILT_PRODUCTS_DIR)/Example.app/Example";
				FRAMEWORK_SEARCH_PATHS = (
					"$(SDKROOT)/Developer/Library/Frameworks",
					"$(inherited)",
					"$(DEVELOPER_FRAMEWORKS_DIR)",
				);
				GCC_PRECOMPILE_PREFIX_HEADER = YES;
				GCC_PREFIX_HEADER = "Example/Example-Prefix.pch";
				GCC_PREPROCESSOR_DEFINITIONS = (
					"DEBUG=1",
					"$(inherited)",
				);
				INFOPLIST_FILE = "ExampleTests/ExampleTests-Info.plist";
				PRODUCT_NAME = "$(TARGET_NAME)";
				TEST_HOST = "$(BUNDLE_LOADER)";
				WRAPPER_EXTENSION = xctest;
			};
			name = Debug;
		};
		D7C0D55A181A377200C34D7F /* Release */ = {
			isa = XCBuildConfiguration;
			buildSettings = {
				ARCHS = "$(ARCHS_STANDARD_INCLUDING_64_BIT)";
				BUNDLE_LOADER = "$(BUILT_PRODUCTS_DIR)/Example.app/Example";
				FRAMEWORK_SEARCH_PATHS = (
					"$(SDKROOT)/Developer/Library/Frameworks",
					"$(inherited)",
					"$(DEVELOPER_FRAMEWORKS_DIR)",
				);
				GCC_PRECOMPILE_PREFIX_HEADER = YES;
				GCC_PREFIX_HEADER = "Example/Example-Prefix.pch";
				INFOPLIST_FILE = "ExampleTests/ExampleTests-Info.plist";
				PRODUCT_NAME = "$(TARGET_NAME)";
				TEST_HOST = "$(BUNDLE_LOADER)";
				WRAPPER_EXTENSION = xctest;
			};
			name = Release;
		};
/* End XCBuildConfiguration section */

/* Begin XCConfigurationList section */
		D7C0D524181A377200C34D7F /* Build configuration list for PBXProject "Example" */ = {
			isa = XCConfigurationList;
			buildConfigurations = (
				D7C0D553181A377200C34D7F /* Debug */,
				D7C0D554181A377200C34D7F /* Release */,
			);
			defaultConfigurationIsVisible = 0;
			defaultConfigurationName = Release;
		};
		D7C0D555181A377200C34D7F /* Build configuration list for PBXNativeTarget "Example" */ = {
			isa = XCConfigurationList;
			buildConfigurations = (
				D7C0D556181A377200C34D7F /* Debug */,
				D7C0D557181A377200C34D7F /* Release */,
			);
			defaultConfigurationIsVisible = 0;
			defaultConfigurationName = Release;
		};
		D7C0D558181A377200C34D7F /* Build configuration list for PBXNativeTarget "ExampleTests" */ = {
			isa = XCConfigurationList;
			buildConfigurations = (
				D7C0D559181A377200C34D7F /* Debug */,
				D7C0D55A181A377200C34D7F /* Release */,
			);
			defaultConfigurationIsVisible = 0;
			defaultConfigurationName = Release;
		};
/* End XCConfigurationList section */
	};
	rootObject = D7C0D521181A377200C34D7F /* Project object */;
}
